
Microsoft Visual Studio Solution File, Format Version 12.00
# Visual Studio 15
VisualStudioVersion = 15.0.28307.1500
MinimumVisualStudioVersion = 10.0.40219.1
Project("{FAE04EC0-301F-11D3-BF4B-00C04F79EFBC}") = "App3NuovaTestataOrdini", "App3NuovaTestataOrdini\App3NuovaTestataOrdini.csproj", "{BFE69D2A-BBC4-4010-983B-BBCFCC550DD4}"
EndProject
Global
	GlobalSection(SolutionConfigurationPlatforms) = preSolution
		Debug|Any CPU = Debug|Any CPU
		Release|Any CPU = Release|Any CPU
	EndGlobalSection
	GlobalSection(ProjectConfigurationPlatforms) = postSolution
		{BFE69D2A-BBC4-4010-983B-BBCFCC550DD4}.Debug|Any CPU.ActiveCfg = Debug|Any CPU
		{BFE69D2A-BBC4-4010-983B-BBCFCC550DD4}.Debug|Any CPU.Build.0 = Debug|Any CPU
		{BFE69D2A-BBC4-4010-983B-BBCFCC550DD4}.Debug|Any CPU.Deploy.0 = Debug|Any CPU
		{BFE69D2A-BBC4-4010-983B-BBCFCC550DD4}.Release|Any CPU.ActiveCfg = Release|Any CPU
		{BFE69D2A-BBC4-4010-983B-BBCFCC550DD4}.Release|Any CPU.Build.0 = Release|Any CPU
		{BFE69D2A-BBC4-4010-983B-BBCFCC550DD4}.Release|Any CPU.Deploy.0 = Release|Any CPU
	EndGlobalSection
	GlobalSection(SolutionProperties) = preSolution
		HideSolutionNode = FALSE
	EndGlobalSection
	GlobalSection(ExtensibilityGlobals) = postSolution
		SolutionGuid = {EEB0267F-38C8-4A3B-9839-97678AC9AF48}
	EndGlobalSection
EndGlobal
